
Microsoft Visual Studio Solution File, Format Version 12.00
# Visual Studio Version 16
VisualStudioVersion = 16.0.30011.22
MinimumVisualStudioVersion = 10.0.40219.1
Project("{9A19103F-16F7-4668-BE54-9A1E7A4F7556}") = "Application", "Application\Application.csproj", "{0A780FAA-E5BD-4EF0-B9E8-9801C4A23AE1}"
EndProject
Project("{9A19103F-16F7-4668-BE54-9A1E7A4F7556}") = "Persistence", "Persistence\Persistence.csproj", "{CFB19D66-6D6F-4F49-B038-521C72E51BF7}"
EndProject
Project("{9A19103F-16F7-4668-BE54-9A1E7A4F7556}") = "Infrastructure", "Infrastructure\Infrastructure.csproj", "{B150B8ED-D655-4CB2-B317-B0BB81CF04C0}"
EndProject
Project("{9A19103F-16F7-4668-BE54-9A1E7A4F7556}") = "Domain", "Domain\Domain.csproj", "{A27A16F4-5AAA-488D-83DA-80641F1F9B00}"
EndProject
Project("{9A19103F-16F7-4668-BE54-9A1E7A4F7556}") = "Persistence.Tests", "PersistenceTests\Persistence.Tests.csproj", "{983A3A7F-A0F0-479E-95C8-2BCB4A7D6CD2}"
EndProject
Project("{9A19103F-16F7-4668-BE54-9A1E7A4F7556}") = "Presentation", "Presentation\Presentation.csproj", "{9F0669BD-8A70-4972-A84F-08098C6B8208}"
EndProject
Project("{9A19103F-16F7-4668-BE54-9A1E7A4F7556}") = "Common", "Common\Common.csproj", "{5CDC82AB-DB46-4178-A2C1-920E071B09A3}"
EndProject
Project("{9A19103F-16F7-4668-BE54-9A1E7A4F7556}") = "Application.Tests", "ApplicationTests\Application.Tests.csproj", "{91C88D14-0B24-4921-8D52-A69713B357E9}"
EndProject
Project("{FAE04EC0-301F-11D3-BF4B-00C04F79EFBC}") = "Common.Tests", "Common.Tests\Common.Tests.csproj", "{E157550B-CB43-4F9E-B04E-D8B4039796F3}"
EndProject
Project("{FAE04EC0-301F-11D3-BF4B-00C04F79EFBC}") = "Domain.Tests", "Domain.Tests\Domain.Tests.csproj", "{7DA5EBB9-70FA-4148-92F4-82EB8327B68C}"
EndProject
Project("{FAE04EC0-301F-11D3-BF4B-00C04F79EFBC}") = "Infrastructure.Tests", "Infrastructure.Tests\Infrastructure.Tests.csproj", "{F16B1356-3BF6-4B3E-9778-7095144A86FB}"
EndProject
Project("{FAE04EC0-301F-11D3-BF4B-00C04F79EFBC}") = "Presentation.Tests", "Presentation.Tests\Presentation.Tests.csproj", "{59A7E1EA-82B7-4B92-BCDD-0CC8BA25636A}"
EndProject
Global
	GlobalSection(SolutionConfigurationPlatforms) = preSolution
		Debug|Any CPU = Debug|Any CPU
		Release|Any CPU = Release|Any CPU
	EndGlobalSection
	GlobalSection(ProjectConfigurationPlatforms) = postSolution
		{0A780FAA-E5BD-4EF0-B9E8-9801C4A23AE1}.Debug|Any CPU.ActiveCfg = Debug|Any CPU
		{0A780FAA-E5BD-4EF0-B9E8-9801C4A23AE1}.Debug|Any CPU.Build.0 = Debug|Any CPU
		{0A780FAA-E5BD-4EF0-B9E8-9801C4A23AE1}.Release|Any CPU.ActiveCfg = Release|Any CPU
		{0A780FAA-E5BD-4EF0-B9E8-9801C4A23AE1}.Release|Any CPU.Build.0 = Release|Any CPU
		{CFB19D66-6D6F-4F49-B038-521C72E51BF7}.Debug|Any CPU.ActiveCfg = Debug|Any CPU
		{CFB19D66-6D6F-4F49-B038-521C72E51BF7}.Debug|Any CPU.Build.0 = Debug|Any CPU
		{CFB19D66-6D6F-4F49-B038-521C72E51BF7}.Release|Any CPU.ActiveCfg = Release|Any CPU
		{CFB19D66-6D6F-4F49-B038-521C72E51BF7}.Release|Any CPU.Build.0 = Release|Any CPU
		{B150B8ED-D655-4CB2-B317-B0BB81CF04C0}.Debug|Any CPU.ActiveCfg = Debug|Any CPU
		{B150B8ED-D655-4CB2-B317-B0BB81CF04C0}.Debug|Any CPU.Build.0 = Debug|Any CPU
		{B150B8ED-D655-4CB2-B317-B0BB81CF04C0}.Release|Any CPU.ActiveCfg = Release|Any CPU
		{B150B8ED-D655-4CB2-B317-B0BB81CF04C0}.Release|Any CPU.Build.0 = Release|Any CPU
		{A27A16F4-5AAA-488D-83DA-80641F1F9B00}.Debug|Any CPU.ActiveCfg = Debug|Any CPU
		{A27A16F4-5AAA-488D-83DA-80641F1F9B00}.Debug|Any CPU.Build.0 = Debug|Any CPU
		{A27A16F4-5AAA-488D-83DA-80641F1F9B00}.Release|Any CPU.ActiveCfg = Release|Any CPU
		{A27A16F4-5AAA-488D-83DA-80641F1F9B00}.Release|Any CPU.Build.0 = Release|Any CPU
		{983A3A7F-A0F0-479E-95C8-2BCB4A7D6CD2}.Debug|Any CPU.ActiveCfg = Debug|Any CPU
		{983A3A7F-A0F0-479E-95C8-2BCB4A7D6CD2}.Debug|Any CPU.Build.0 = Debug|Any CPU
		{983A3A7F-A0F0-479E-95C8-2BCB4A7D6CD2}.Release|Any CPU.ActiveCfg = Release|Any CPU
		{983A3A7F-A0F0-479E-95C8-2BCB4A7D6CD2}.Release|Any CPU.Build.0 = Release|Any CPU
		{9F0669BD-8A70-4972-A84F-08098C6B8208}.Debug|Any CPU.ActiveCfg = Debug|Any CPU
		{9F0669BD-8A70-4972-A84F-08098C6B8208}.Debug|Any CPU.Build.0 = Debug|Any CPU
		{9F0669BD-8A70-4972-A84F-08098C6B8208}.Release|Any CPU.ActiveCfg = Release|Any CPU
		{9F0669BD-8A70-4972-A84F-08098C6B8208}.Release|Any CPU.Build.0 = Release|Any CPU
		{5CDC82AB-DB46-4178-A2C1-920E071B09A3}.Debug|Any CPU.ActiveCfg = Debug|Any CPU
		{5CDC82AB-DB46-4178-A2C1-920E071B09A3}.Debug|Any CPU.Build.0 = Debug|Any CPU
		{5CDC82AB-DB46-4178-A2C1-920E071B09A3}.Release|Any CPU.ActiveCfg = Release|Any CPU
		{5CDC82AB-DB46-4178-A2C1-920E071B09A3}.Release|Any CPU.Build.0 = Release|Any CPU
		{91C88D14-0B24-4921-8D52-A69713B357E9}.Debug|Any CPU.ActiveCfg = Debug|Any CPU
		{91C88D14-0B24-4921-8D52-A69713B357E9}.Debug|Any CPU.Build.0 = Debug|Any CPU
		{91C88D14-0B24-4921-8D52-A69713B357E9}.Release|Any CPU.ActiveCfg = Release|Any CPU
		{91C88D14-0B24-4921-8D52-A69713B357E9}.Release|Any CPU.Build.0 = Release|Any CPU
		{E157550B-CB43-4F9E-B04E-D8B4039796F3}.Debug|Any CPU.ActiveCfg = Debug|Any CPU
		{E157550B-CB43-4F9E-B04E-D8B4039796F3}.Debug|Any CPU.Build.0 = Debug|Any CPU
		{E157550B-CB43-4F9E-B04E-D8B4039796F3}.Release|Any CPU.ActiveCfg = Release|Any CPU
		{E157550B-CB43-4F9E-B04E-D8B4039796F3}.Release|Any CPU.Build.0 = Release|Any CPU
		{7DA5EBB9-70FA-4148-92F4-82EB8327B68C}.Debug|Any CPU.ActiveCfg = Debug|Any CPU
		{7DA5EBB9-70FA-4148-92F4-82EB8327B68C}.Debug|Any CPU.Build.0 = Debug|Any CPU
		{7DA5EBB9-70FA-4148-92F4-82EB8327B68C}.Release|Any CPU.ActiveCfg = Release|Any CPU
		{7DA5EBB9-70FA-4148-92F4-82EB8327B68C}.Release|Any CPU.Build.0 = Release|Any CPU
		{F16B1356-3BF6-4B3E-9778-7095144A86FB}.Debug|Any CPU.ActiveCfg = Debug|Any CPU
		{F16B1356-3BF6-4B3E-9778-7095144A86FB}.Debug|Any CPU.Build.0 = Debug|Any CPU
		{F16B1356-3BF6-4B3E-9778-7095144A86FB}.Release|Any CPU.ActiveCfg = Release|Any CPU
		{F16B1356-3BF6-4B3E-9778-7095144A86FB}.Release|Any CPU.Build.0 = Release|Any CPU
		{59A7E1EA-82B7-4B92-BCDD-0CC8BA25636A}.Debug|Any CPU.ActiveCfg = Debug|Any CPU
		{59A7E1EA-82B7-4B92-BCDD-0CC8BA25636A}.Debug|Any CPU.Build.0 = Debug|Any CPU
		{59A7E1EA-82B7-4B92-BCDD-0CC8BA25636A}.Release|Any CPU.ActiveCfg = Release|Any CPU
		{59A7E1EA-82B7-4B92-BCDD-0CC8BA25636A}.Release|Any CPU.Build.0 = Release|Any CPU
	EndGlobalSection
	GlobalSection(SolutionProperties) = preSolution
		HideSolutionNode = FALSE
	EndGlobalSection
	GlobalSection(ExtensibilityGlobals) = postSolution
		SolutionGuid = {E33A5B20-84A7-4DB2-B36A-42BBFF1AA3C9}
	EndGlobalSection
EndGlobal
